(setq el-get-lock-package-versions
      '((treepy :checksum "b40e6b09eb9be45da67b8c9e4990a5a0d7a2a09d")
        (tide :checksum "2d17c051cccd248a980575caf5728f4d5c986b30")
        (graphql :checksum "e2b309689f4faf9225f290080f836e988c5a576d")
        (jaunte :checksum "455bedbb64838b225861a2009bacf4601732f0a3")
        (el-get :checksum "424487ed3aef4e6a08b48084654e7210deb0512e")
        (plantuml-mode :checksum "b358a53bb0ab195f0193169d0d6869a3ef2c543e")
        (magit-popup :checksum "8eaa0becc2370484a432a8a19f40ce5e8d0f1642")
        (ghub :checksum "db15d00d01b8bd9187079a0b538d878d241743a8")
        (auto-virtualenvwrapper :checksum "72cc9168db475e8328019f9592493560dab832a5")
        (virtualenvwrapper :checksum "bf13158dde071bdf4901709ed101aba6b8a25f7f")
        (jedi :checksum "615544c6ca81bbc53140aefe345e2120110c1660")
        (epc :checksum "e1bfa5ca163273859336e3cc89b4b6460f7f8cda")
        (ctable :checksum "b8830d1ca95abb100a81bc32011bd17d5ecba000")
        (python-environment :checksum "401006584e32864a10c69d29f14414828909362e")
        (python-mode :checksum "f039fa485b3446c8afa73ac461174871ba8a229c")
        (request :checksum "48a35969f7c41810d550e6cdf784cb86c5a05a20")
        (deferred :checksum "2239671d94b38d92e9b28d4e12fd79814cfb9c16")
        (go-eldoc :checksum "cbbd2ea1e94a36004432a9ac61414cb5a95a39bd")
        (graphviz-dot-mode :checksum "ca0f15158c3bbd516549532be1dd35bc51462c84")
        (helm-ls-git :checksum "e38cee59c42fbf16b6de239a537d27af58473394")
        (cperl-mode :checksum "4f9bde79b53fc3ab893fd8d3a67f4cf6a916f609")
        (ag :checksum "77b4f50c5372bf219da496567b2b867261f0d354")
        (mode-compile :checksum "5c30fe052bb99de591c1240523224ecf21f933af")
        (s :checksum "03410e6a7a2b11e47e1fea3b7d9899c7df26435e")
        (magit :checksum "d866fb3624bdeb87f0c56e359239e4474362d0af")
        (yasnippet :checksum "1d96da2e08664c31ff7f6f7441da1f4fa5680b1f")
        (with-editor :checksum "9dd9f176d96abc60365369de6d08c26c414ef1f3")
        (web-mode :checksum "5da977bec7714c09d41b556e2d651ccb269a14a2")
        (use-package :checksum "39a8b8812c2c9f6f0b299e6a04e504ef393694ce")
        (undohist :checksum "d2239a5f736724ceb9e3b6bcaa86f4064805cda0")
        (undo-tree :checksum "e9a9102f515acd7523158f20e83f300600374989")
        (typescript-mode :checksum "69607202bcbe6a7f3385166ef8f83fe658f7e513")
        (smartchr :checksum "964ba0ce5f81dec65d5039781ce0c12183748c94")
        (scss-mode :checksum "cf58dbec5394280503eb5502938f3b5445d1b53d")
        (scala-mode2 :checksum "360b5ba27aeca69e72109515b6c40b2f7972cc8f")
        (scala-mode :checksum "56cba2903cf6e12c715dbb5c99b34c97b2679379")
        (sbt-mode :checksum "e658af140547cbef495c33535c7f694a501d318c")
        (emmet-mode :checksum "3c2d5c3e86c317601cbf8d976c5611b8c73ac178")
        (helm :checksum "598992f3490f8fa1b90dbf01e76b6e916de294bb")
        (popwin :checksum "95dea14c60019d6cccf9a3b33e0dec4e1f22c304")
        (pkg-info :checksum "76ba7415480687d05a4353b27fea2ae02b8d9d61")
        (paredit :checksum "acbe10fdd85d2e91831adf70b6a828bc7e900da0")
        (migemo :checksum "e4744efae1b2fdea2bbd2ceaff0f6ea0bb739f5a")
        (markdown-mode :checksum "906e97d6e211129d4b7674a5efc416849bc7e43e")
        (mark-multiple :checksum "f6a53c7c5283d640ae718f4548b0fda78877a375")
        (less-css-mode :checksum "c7fa3d56d83206b28657f2e56439dc62280a2bf2")
        (json-snatcher :checksum "c4cecc0a5051bd364373aa499c47a1bb7a5ac51c")
        (json-reformat :checksum "8eb6668ed447988aea06467ba8f42e1f2178246f")
        (json-mode :checksum "ffc92b1eefc54963703b43be140f4c8c8ad348f7")
        (js2-mode :checksum "5165f4dc3805add174e48f0d64c5617d10ac3507")
        (init-loader :checksum "5d3cea1004c11ff96b33020e337b03b925c67c42")
        (helm-descbinds :checksum "033be73f21778633813264ce1634a6e1ad873d8e")
        (helm-ag :checksum "2fc02c4ead29bf0db06fd70740cc7c364cb650ac")
        (go-mode :checksum "120fb911f1d8038f828da85eed8aaad977dabd8c")
        (go-autocomplete :checksum "6cac7c69a41e16440d3f9b0de838e018ef4711f9")
        (git-gutter-fringe :checksum "16226caab44174301f1659f7bf8cc67a76153445")
        (git-gutter :checksum "00c05264af046b5ce248e5b0bc42f117d9c27a09")
        (fuzzy :checksum "534d723ad2e06322ff8d9bd0ba4863d243f698e7")
        (fringe-helper :checksum "ef4a9c023bae18ec1ddd7265f1f2d6d2e775efdd")
        (flycheck :checksum "baf96df4d1c3e61bf62f15fbea05a880d1e49e45")
        (exec-path-from-shell :checksum "9bc0f4a762f16d488376fb52409c58239a86d75d")
        (epl :checksum "78ab7a85c08222cd15582a298a364774e3282ce6")
        (ensime :checksum "4f8b71f48d02d33d91dc24682af47ae743800fba")
        (emacs-async :checksum "81dc034572e963550c5403a2b3c28047e46b4029")
        (el-get-lock :checksum "df8cfe55441695865a64b97946750b6413a40425")
        (direx :checksum "a79bfdb5980cf6ed7bfb3b41ddc471a7b6c0ede4")
        (dash-at-point :checksum "4d795a23a8428c421d5107f1b005c9d8e0d1816c")
        (dash :checksum "6514359b8606a6a9a94068ccd601fcd6379d6584")
        (cperl-mode-without-mode-compile :checksum "5d851ab5f341f76edbd96691ab514b519209902a")
        (company-mode :checksum "b696b3943d2a55aed937cb0ba971d6e29b2e3a8b")
        (vline :checksum "c4f5ea2731d8b89e24eec5e9be98e2652b54bdbc")
        (ruby-end :checksum "79b4ea788b9cae9282da809507d0a56aa9c057c8")
        (popup :checksum "80829dd46381754639fb764da11c67235fe63282")
        (replace-region-by-ruby\.el :checksum "82716c9b1f2d9a050fe73d6d6ade23c366346074")
        (grep-edit :checksum "b0398c6b72ed50858385797c300c512603ebbc3b")
        (open-junk-file :checksum "f87b93ec26e92dc747da43499d0cbf5ab70fd8c2")
        (lispxmp :checksum "83a88976dee991735de6991dc92469731650eddb")
        (ruby-block :checksum "289c34dca6daa1a1591537e1c56b687c14631930")
        (point-undo :checksum "b09bdcc64a0de08bae0838ef708c679dbc08f4c2")
        (color-theme :checksum "047d6cb207fdef66b25343479ebe09a1ed3954b5")
        (col-highlight :checksum "fe6028f6a9fca68e1c49a1b67cad66b4313dee41")
        (auto-complete :checksum "2e83566ddfa758c69afe50b8a1c62a66f47471e3")
        (auto-async-byte-compile :checksum "fa6e07af93a4ab1c092f7811f3d4732f4874bce3")))
(setq el-get-lock-locked-packages 'nil)
(setq el-get-lock-unlocked-packages 'nil)
