(setq el-get-lock-package-versions
      '((exec-path-from-shell :checksum "c2ca275d3243e8253513ced73e3ac21dc352e303")
        (use-package :checksum "56687f58c499db608167065b8d94a371902f3ed4")
        (el-get :checksum "78e8d27fc2b556e53451e64291f4a1c5fe5bcce0")
        (init-loader :checksum "287da99eadfa3dd85492506db43d68324069b593")))
(setq el-get-lock-locked-packages 'nil)
(setq el-get-lock-unlocked-packages 'nil)
