(setq el-get-lock-package-versions
      '((migemo :checksum "c2240afa9afc0f003bb1d846710505e8e8e38169")
        (grep-edit :checksum "b0398c6b72ed50858385797c300c512603ebbc3b")
        (magit :checksum "5f57495f65fea169282b23233f87c4af07a60e4c")
        (dash :checksum "502be58722262c5b9d779848a168b0dc67ee7471")
        (with-editor :checksum "d28d07497f67fea4c62fe7a2d3201fd86fb64fe2")
        (emacs-async :checksum "0e327f72bdffc5bc4a1fbc34a8da1b7066e819b3")
        (git-gutter-fringe :checksum "dfc93d1064df154a809aab350942830408051da3")
        (git-gutter :checksum "1a4ee2c1971b2f17ede0298326a49593c4a35d27")
        (fringe-helper :checksum "ef4a9c023bae18ec1ddd7265f1f2d6d2e775efdd")
        (dash-at-point :checksum "ed872b4fcbe02ef1a5bac0337afe19a7a747f34c")
        (replace-region-by-ruby :checksum "82716c9b1f2d9a050fe73d6d6ade23c366346074")
        (replace-region-by-ruby\.el :checksum "82716c9b1f2d9a050fe73d6d6ade23c366346074")
        (open-junk-file :checksum "f87b93ec26e92dc747da43499d0cbf5ab70fd8c2")
        (thingopt :checksum "5679815852652479f3b3c9f3a98affc927384b2c")
        (mark-multiple :checksum "f6a53c7c5283d640ae718f4548b0fda78877a375")
        (col-highlight :checksum "fe6028f6a9fca68e1c49a1b67cad66b4313dee41")
        (vline :checksum "c4f5ea2731d8b89e24eec5e9be98e2652b54bdbc")
        (column-marker :checksum "74e815d45ffe8151635afe2f34f69bd51478fdb1")
        (color-theme :checksum "047d6cb207fdef66b25343479ebe09a1ed3954b5")
        (exec-path-from-shell :checksum "c2ca275d3243e8253513ced73e3ac21dc352e303")
        (use-package :checksum "56687f58c499db608167065b8d94a371902f3ed4")
        (el-get :checksum "78e8d27fc2b556e53451e64291f4a1c5fe5bcce0")
        (init-loader :checksum "287da99eadfa3dd85492506db43d68324069b593")))
(setq el-get-lock-locked-packages 'nil)
(setq el-get-lock-unlocked-packages 'nil)
